
Microsoft Visual Studio Solution File, Format Version 12.00
# Visual Studio Version 17
VisualStudioVersion = 17.5.33530.505
MinimumVisualStudioVersion = 10.0.40219.1
Project("{FAE04EC0-301F-11D3-BF4B-00C04F79EFBC}") = "TacoBell_API", "TacoBell_API\TacoBell_API.csproj", "{F398F577-A185-4D22-914A-793E9B4AB2A6}"
EndProject
Global
	GlobalSection(SolutionConfigurationPlatforms) = preSolution
		Debug|Any CPU = Debug|Any CPU
		Release|Any CPU = Release|Any CPU
	EndGlobalSection
	GlobalSection(ProjectConfigurationPlatforms) = postSolution
		{F398F577-A185-4D22-914A-793E9B4AB2A6}.Debug|Any CPU.ActiveCfg = Debug|Any CPU
		{F398F577-A185-4D22-914A-793E9B4AB2A6}.Debug|Any CPU.Build.0 = Debug|Any CPU
		{F398F577-A185-4D22-914A-793E9B4AB2A6}.Release|Any CPU.ActiveCfg = Release|Any CPU
		{F398F577-A185-4D22-914A-793E9B4AB2A6}.Release|Any CPU.Build.0 = Release|Any CPU
	EndGlobalSection
	GlobalSection(SolutionProperties) = preSolution
		HideSolutionNode = FALSE
	EndGlobalSection
	GlobalSection(ExtensibilityGlobals) = postSolution
		SolutionGuid = {9D4305F6-D51D-49CD-81C3-FA5AB02C1B2F}
	EndGlobalSection
EndGlobal
